
Microsoft Visual Studio Solution File, Format Version 12.00
# Visual Studio Version 17
VisualStudioVersion = 17.2.32526.322
MinimumVisualStudioVersion = 10.0.40219.1
Project("{9A19103F-16F7-4668-BE54-9A1E7A4F7556}") = "Util.Angular", "Util.Angular.csproj", "{2CFBA012-0474-4B0A-8130-E7385CA26CA7}"
EndProject
Global
	GlobalSection(SolutionConfigurationPlatforms) = preSolution
		Debug|Any CPU = Debug|Any CPU
		Release|Any CPU = Release|Any CPU
	EndGlobalSection
	GlobalSection(ProjectConfigurationPlatforms) = postSolution
		{2CFBA012-0474-4B0A-8130-E7385CA26CA7}.Debug|Any CPU.ActiveCfg = Debug|Any CPU
		{2CFBA012-0474-4B0A-8130-E7385CA26CA7}.Debug|Any CPU.Build.0 = Debug|Any CPU
		{2CFBA012-0474-4B0A-8130-E7385CA26CA7}.Release|Any CPU.ActiveCfg = Release|Any CPU
		{2CFBA012-0474-4B0A-8130-E7385CA26CA7}.Release|Any CPU.Build.0 = Release|Any CPU
	EndGlobalSection
	GlobalSection(SolutionProperties) = preSolution
		HideSolutionNode = FALSE
	EndGlobalSection
	GlobalSection(ExtensibilityGlobals) = postSolution
		SolutionGuid = {8183A568-0D23-437B-A148-6CDAD410D29E}
	EndGlobalSection
EndGlobal
